
Microsoft Visual Studio Solution File, Format Version 12.00
# Visual Studio Version 16
VisualStudioVersion = 16.0.30717.126
MinimumVisualStudioVersion = 10.0.40219.1
Project("{FAE04EC0-301F-11D3-BF4B-00C04F79EFBC}") = "Classroom schedule", "Classroom schedule\Classroom schedule.csproj", "{B293AE41-AB31-4D3C-907F-913AA84906B3}"
EndProject
Project("{FAE04EC0-301F-11D3-BF4B-00C04F79EFBC}") = "Shared", "Shared\Shared.csproj", "{B86A2D74-73AA-46FD-A228-F7CCE17A9D24}"
EndProject
Project("{FAE04EC0-301F-11D3-BF4B-00C04F79EFBC}") = "DataAccessLayer", "DataAccessLayer\DataAccessLayer.csproj", "{94554E8C-6B1A-4F6D-B7D1-39146F3187F2}"
EndProject
Global
	GlobalSection(SolutionConfigurationPlatforms) = preSolution
		Debug|Any CPU = Debug|Any CPU
		Release|Any CPU = Release|Any CPU
	EndGlobalSection
	GlobalSection(ProjectConfigurationPlatforms) = postSolution
		{B293AE41-AB31-4D3C-907F-913AA84906B3}.Debug|Any CPU.ActiveCfg = Debug|Any CPU
		{B293AE41-AB31-4D3C-907F-913AA84906B3}.Debug|Any CPU.Build.0 = Debug|Any CPU
		{B293AE41-AB31-4D3C-907F-913AA84906B3}.Release|Any CPU.ActiveCfg = Release|Any CPU
		{B293AE41-AB31-4D3C-907F-913AA84906B3}.Release|Any CPU.Build.0 = Release|Any CPU
		{B86A2D74-73AA-46FD-A228-F7CCE17A9D24}.Debug|Any CPU.ActiveCfg = Debug|Any CPU
		{B86A2D74-73AA-46FD-A228-F7CCE17A9D24}.Debug|Any CPU.Build.0 = Debug|Any CPU
		{B86A2D74-73AA-46FD-A228-F7CCE17A9D24}.Release|Any CPU.ActiveCfg = Release|Any CPU
		{B86A2D74-73AA-46FD-A228-F7CCE17A9D24}.Release|Any CPU.Build.0 = Release|Any CPU
		{94554E8C-6B1A-4F6D-B7D1-39146F3187F2}.Debug|Any CPU.ActiveCfg = Debug|Any CPU
		{94554E8C-6B1A-4F6D-B7D1-39146F3187F2}.Debug|Any CPU.Build.0 = Debug|Any CPU
		{94554E8C-6B1A-4F6D-B7D1-39146F3187F2}.Release|Any CPU.ActiveCfg = Release|Any CPU
		{94554E8C-6B1A-4F6D-B7D1-39146F3187F2}.Release|Any CPU.Build.0 = Release|Any CPU
	EndGlobalSection
	GlobalSection(SolutionProperties) = preSolution
		HideSolutionNode = FALSE
	EndGlobalSection
	GlobalSection(ExtensibilityGlobals) = postSolution
		SolutionGuid = {ECD3D946-5CF0-44DF-94D5-57490BDB7AE0}
	EndGlobalSection
EndGlobal
